
Microsoft Visual Studio Solution File, Format Version 12.00
# Visual Studio Version 17
VisualStudioVersion = 17.0.31903.59
MinimumVisualStudioVersion = 10.0.40219.1
Project("{2150E333-8FDC-42A3-9474-1A3956D46DE8}") = "src", "src", "{827E0CD3-B72D-47B6-A68D-7590B98EB39B}"
EndProject
Project("{FAE04EC0-301F-11D3-BF4B-00C04F79EFBC}") = "ArchiveFlow.Domain", "src\ArchiveFlow.Domain\ArchiveFlow.Domain.csproj", "{D162F00F-026F-4B27-9BD1-07C063B449A0}"
EndProject
Project("{FAE04EC0-301F-11D3-BF4B-00C04F79EFBC}") = "ArchiveFlow.Application", "src\ArchiveFlow.Application\ArchiveFlow.Application.csproj", "{7C5E0084-0DCC-41D0-BC10-96920EAA01EB}"
EndProject
Project("{FAE04EC0-301F-11D3-BF4B-00C04F79EFBC}") = "ArchiveFlow.Infrastructure", "src\ArchiveFlow.Infrastructure\ArchiveFlow.Infrastructure.csproj", "{FC027C8F-AAB9-463F-9355-5720163F8D9B}"
EndProject
Project("{2150E333-8FDC-42A3-9474-1A3956D46DE8}") = "tests", "tests", "{0AB3BF05-4346-4AA6-1389-037BE0695223}"
EndProject
Project("{FAE04EC0-301F-11D3-BF4B-00C04F79EFBC}") = "ArchiveFlow.Domain.Tests", "tests\ArchiveFlow.Domain.Tests\ArchiveFlow.Domain.Tests.csproj", "{973235B5-6C7D-4A73-8612-2EA32A9A4569}"
EndProject
Project("{FAE04EC0-301F-11D3-BF4B-00C04F79EFBC}") = "ArchiveFlow.Application.Tests", "tests\ArchiveFlow.Application.Tests\ArchiveFlow.Application.Tests.csproj", "{5F8A131E-0341-4FED-B909-4A138E3BF8EE}"
EndProject
Project("{FAE04EC0-301F-11D3-BF4B-00C04F79EFBC}") = "ArchiveFlow.Infrastructure.Tests", "tests\ArchiveFlow.Infrastructure.Tests\ArchiveFlow.Infrastructure.Tests.csproj", "{ABBDBDF1-3662-4D58-B59A-1DCD9D3A4C26}"
EndProject
Project("{FAE04EC0-301F-11D3-BF4B-00C04F79EFBC}") = "ArchiveFlow.App", "src\ArchiveFlow.App\ArchiveFlow.App.csproj", "{52C41B51-0F66-41CE-BCA7-836875762400}"
EndProject
Global
	GlobalSection(SolutionConfigurationPlatforms) = preSolution
		Debug|Any CPU = Debug|Any CPU
		Debug|x64 = Debug|x64
		Debug|x86 = Debug|x86
		Release|Any CPU = Release|Any CPU
		Release|x64 = Release|x64
		Release|x86 = Release|x86
	EndGlobalSection
	GlobalSection(ProjectConfigurationPlatforms) = postSolution
		{D162F00F-026F-4B27-9BD1-07C063B449A0}.Debug|Any CPU.ActiveCfg = Debug|Any CPU
		{D162F00F-026F-4B27-9BD1-07C063B449A0}.Debug|Any CPU.Build.0 = Debug|Any CPU
		{D162F00F-026F-4B27-9BD1-07C063B449A0}.Debug|x64.ActiveCfg = Debug|Any CPU
		{D162F00F-026F-4B27-9BD1-07C063B449A0}.Debug|x64.Build.0 = Debug|Any CPU
		{D162F00F-026F-4B27-9BD1-07C063B449A0}.Debug|x86.ActiveCfg = Debug|Any CPU
		{D162F00F-026F-4B27-9BD1-07C063B449A0}.Debug|x86.Build.0 = Debug|Any CPU
		{D162F00F-026F-4B27-9BD1-07C063B449A0}.Release|Any CPU.ActiveCfg = Release|Any CPU
		{D162F00F-026F-4B27-9BD1-07C063B449A0}.Release|Any CPU.Build.0 = Release|Any CPU
		{D162F00F-026F-4B27-9BD1-07C063B449A0}.Release|x64.ActiveCfg = Release|Any CPU
		{D162F00F-026F-4B27-9BD1-07C063B449A0}.Release|x64.Build.0 = Release|Any CPU
		{D162F00F-026F-4B27-9BD1-07C063B449A0}.Release|x86.ActiveCfg = Release|Any CPU
		{D162F00F-026F-4B27-9BD1-07C063B449A0}.Release|x86.Build.0 = Release|Any CPU
		{7C5E0084-0DCC-41D0-BC10-96920EAA01EB}.Debug|Any CPU.ActiveCfg = Debug|Any CPU
		{7C5E0084-0DCC-41D0-BC10-96920EAA01EB}.Debug|Any CPU.Build.0 = Debug|Any CPU
		{7C5E0084-0DCC-41D0-BC10-96920EAA01EB}.Debug|x64.ActiveCfg = Debug|Any CPU
		{7C5E0084-0DCC-41D0-BC10-96920EAA01EB}.Debug|x64.Build.0 = Debug|Any CPU
		{7C5E0084-0DCC-41D0-BC10-96920EAA01EB}.Debug|x86.ActiveCfg = Debug|Any CPU
		{7C5E0084-0DCC-41D0-BC10-96920EAA01EB}.Debug|x86.Build.0 = Debug|Any CPU
		{7C5E0084-0DCC-41D0-BC10-96920EAA01EB}.Release|Any CPU.ActiveCfg = Release|Any CPU
		{7C5E0084-0DCC-41D0-BC10-96920EAA01EB}.Release|Any CPU.Build.0 = Release|Any CPU
		{7C5E0084-0DCC-41D0-BC10-96920EAA01EB}.Release|x64.ActiveCfg = Release|Any CPU
		{7C5E0084-0DCC-41D0-BC10-96920EAA01EB}.Release|x64.Build.0 = Release|Any CPU
		{7C5E0084-0DCC-41D0-BC10-96920EAA01EB}.Release|x86.ActiveCfg = Release|Any CPU
		{7C5E0084-0DCC-41D0-BC10-96920EAA01EB}.Release|x86.Build.0 = Release|Any CPU
		{FC027C8F-AAB9-463F-9355-5720163F8D9B}.Debug|Any CPU.ActiveCfg = Debug|Any CPU
		{FC027C8F-AAB9-463F-9355-5720163F8D9B}.Debug|Any CPU.Build.0 = Debug|Any CPU
		{FC027C8F-AAB9-463F-9355-5720163F8D9B}.Debug|x64.ActiveCfg = Debug|Any CPU
		{FC027C8F-AAB9-463F-9355-5720163F8D9B}.Debug|x64.Build.0 = Debug|Any CPU
		{FC027C8F-AAB9-463F-9355-5720163F8D9B}.Debug|x86.ActiveCfg = Debug|Any CPU
		{FC027C8F-AAB9-463F-9355-5720163F8D9B}.Debug|x86.Build.0 = Debug|Any CPU
		{FC027C8F-AAB9-463F-9355-5720163F8D9B}.Release|Any CPU.ActiveCfg = Release|Any CPU
		{FC027C8F-AAB9-463F-9355-5720163F8D9B}.Release|Any CPU.Build.0 = Release|Any CPU
		{FC027C8F-AAB9-463F-9355-5720163F8D9B}.Release|x64.ActiveCfg = Release|Any CPU
		{FC027C8F-AAB9-463F-9355-5720163F8D9B}.Release|x64.Build.0 = Release|Any CPU
		{FC027C8F-AAB9-463F-9355-5720163F8D9B}.Release|x86.ActiveCfg = Release|Any CPU
		{FC027C8F-AAB9-463F-9355-5720163F8D9B}.Release|x86.Build.0 = Release|Any CPU
		{973235B5-6C7D-4A73-8612-2EA32A9A4569}.Debug|Any CPU.ActiveCfg = Debug|Any CPU
		{973235B5-6C7D-4A73-8612-2EA32A9A4569}.Debug|Any CPU.Build.0 = Debug|Any CPU
		{973235B5-6C7D-4A73-8612-2EA32A9A4569}.Debug|x64.ActiveCfg = Debug|Any CPU
		{973235B5-6C7D-4A73-8612-2EA32A9A4569}.Debug|x64.Build.0 = Debug|Any CPU
		{973235B5-6C7D-4A73-8612-2EA32A9A4569}.Debug|x86.ActiveCfg = Debug|Any CPU
		{973235B5-6C7D-4A73-8612-2EA32A9A4569}.Debug|x86.Build.0 = Debug|Any CPU
		{973235B5-6C7D-4A73-8612-2EA32A9A4569}.Release|Any CPU.ActiveCfg = Release|Any CPU
		{973235B5-6C7D-4A73-8612-2EA32A9A4569}.Release|Any CPU.Build.0 = Release|Any CPU
		{973235B5-6C7D-4A73-8612-2EA32A9A4569}.Release|x64.ActiveCfg = Release|Any CPU
		{973235B5-6C7D-4A73-8612-2EA32A9A4569}.Release|x64.Build.0 = Release|Any CPU
		{973235B5-6C7D-4A73-8612-2EA32A9A4569}.Release|x86.ActiveCfg = Release|Any CPU
		{973235B5-6C7D-4A73-8612-2EA32A9A4569}.Release|x86.Build.0 = Release|Any CPU
		{5F8A131E-0341-4FED-B909-4A138E3BF8EE}.Debug|Any CPU.ActiveCfg = Debug|Any CPU
		{5F8A131E-0341-4FED-B909-4A138E3BF8EE}.Debug|Any CPU.Build.0 = Debug|Any CPU
		{5F8A131E-0341-4FED-B909-4A138E3BF8EE}.Debug|x64.ActiveCfg = Debug|Any CPU
		{5F8A131E-0341-4FED-B909-4A138E3BF8EE}.Debug|x64.Build.0 = Debug|Any CPU
		{5F8A131E-0341-4FED-B909-4A138E3BF8EE}.Debug|x86.ActiveCfg = Debug|Any CPU
		{5F8A131E-0341-4FED-B909-4A138E3BF8EE}.Debug|x86.Build.0 = Debug|Any CPU
		{5F8A131E-0341-4FED-B909-4A138E3BF8EE}.Release|Any CPU.ActiveCfg = Release|Any CPU
		{5F8A131E-0341-4FED-B909-4A138E3BF8EE}.Release|Any CPU.Build.0 = Release|Any CPU
		{5F8A131E-0341-4FED-B909-4A138E3BF8EE}.Release|x64.ActiveCfg = Release|Any CPU
		{5F8A131E-0341-4FED-B909-4A138E3BF8EE}.Release|x64.Build.0 = Release|Any CPU
		{5F8A131E-0341-4FED-B909-4A138E3BF8EE}.Release|x86.ActiveCfg = Release|Any CPU
		{5F8A131E-0341-4FED-B909-4A138E3BF8EE}.Release|x86.Build.0 = Release|Any CPU
		{ABBDBDF1-3662-4D58-B59A-1DCD9D3A4C26}.Debug|Any CPU.ActiveCfg = Debug|Any CPU
		{ABBDBDF1-3662-4D58-B59A-1DCD9D3A4C26}.Debug|Any CPU.Build.0 = Debug|Any CPU
		{ABBDBDF1-3662-4D58-B59A-1DCD9D3A4C26}.Debug|x64.ActiveCfg = Debug|Any CPU
		{ABBDBDF1-3662-4D58-B59A-1DCD9D3A4C26}.Debug|x64.Build.0 = Debug|Any CPU
		{ABBDBDF1-3662-4D58-B59A-1DCD9D3A4C26}.Debug|x86.ActiveCfg = Debug|Any CPU
		{ABBDBDF1-3662-4D58-B59A-1DCD9D3A4C26}.Debug|x86.Build.0 = Debug|Any CPU
		{ABBDBDF1-3662-4D58-B59A-1DCD9D3A4C26}.Release|Any CPU.ActiveCfg = Release|Any CPU
		{ABBDBDF1-3662-4D58-B59A-1DCD9D3A4C26}.Release|Any CPU.Build.0 = Release|Any CPU
		{ABBDBDF1-3662-4D58-B59A-1DCD9D3A4C26}.Release|x64.ActiveCfg = Release|Any CPU
		{ABBDBDF1-3662-4D58-B59A-1DCD9D3A4C26}.Release|x64.Build.0 = Release|Any CPU
		{ABBDBDF1-3662-4D58-B59A-1DCD9D3A4C26}.Release|x86.ActiveCfg = Release|Any CPU
		{ABBDBDF1-3662-4D58-B59A-1DCD9D3A4C26}.Release|x86.Build.0 = Release|Any CPU
		{52C41B51-0F66-41CE-BCA7-836875762400}.Debug|Any CPU.ActiveCfg = Debug|Any CPU
		{52C41B51-0F66-41CE-BCA7-836875762400}.Debug|Any CPU.Build.0 = Debug|Any CPU
		{52C41B51-0F66-41CE-BCA7-836875762400}.Debug|x64.ActiveCfg = Debug|Any CPU
		{52C41B51-0F66-41CE-BCA7-836875762400}.Debug|x64.Build.0 = Debug|Any CPU
		{52C41B51-0F66-41CE-BCA7-836875762400}.Debug|x86.ActiveCfg = Debug|Any CPU
		{52C41B51-0F66-41CE-BCA7-836875762400}.Debug|x86.Build.0 = Debug|Any CPU
		{52C41B51-0F66-41CE-BCA7-836875762400}.Release|Any CPU.ActiveCfg = Release|Any CPU
		{52C41B51-0F66-41CE-BCA7-836875762400}.Release|Any CPU.Build.0 = Release|Any CPU
		{52C41B51-0F66-41CE-BCA7-836875762400}.Release|x64.ActiveCfg = Release|Any CPU
		{52C41B51-0F66-41CE-BCA7-836875762400}.Release|x64.Build.0 = Release|Any CPU
		{52C41B51-0F66-41CE-BCA7-836875762400}.Release|x86.ActiveCfg = Release|Any CPU
		{52C41B51-0F66-41CE-BCA7-836875762400}.Release|x86.Build.0 = Release|Any CPU
	EndGlobalSection
	GlobalSection(SolutionProperties) = preSolution
		HideSolutionNode = FALSE
	EndGlobalSection
	GlobalSection(NestedProjects) = preSolution
		{D162F00F-026F-4B27-9BD1-07C063B449A0} = {827E0CD3-B72D-47B6-A68D-7590B98EB39B}
		{7C5E0084-0DCC-41D0-BC10-96920EAA01EB} = {827E0CD3-B72D-47B6-A68D-7590B98EB39B}
		{FC027C8F-AAB9-463F-9355-5720163F8D9B} = {827E0CD3-B72D-47B6-A68D-7590B98EB39B}
		{973235B5-6C7D-4A73-8612-2EA32A9A4569} = {0AB3BF05-4346-4AA6-1389-037BE0695223}
		{5F8A131E-0341-4FED-B909-4A138E3BF8EE} = {0AB3BF05-4346-4AA6-1389-037BE0695223}
		{ABBDBDF1-3662-4D58-B59A-1DCD9D3A4C26} = {0AB3BF05-4346-4AA6-1389-037BE0695223}
		{52C41B51-0F66-41CE-BCA7-836875762400} = {827E0CD3-B72D-47B6-A68D-7590B98EB39B}
	EndGlobalSection
EndGlobal
